
Microsoft Visual Studio Solution File, Format Version 12.00
# Visual Studio Version 17
VisualStudioVersion = 17.5.33402.96
MinimumVisualStudioVersion = 10.0.40219.1
Project("{FAE04EC0-301F-11D3-BF4B-00C04F79EFBC}") = "ADONET", "ADONET\ADONET.csproj", "{36DD2176-868D-4FE3-8B55-9CCC955793D7}"
EndProject
Global
	GlobalSection(SolutionConfigurationPlatforms) = preSolution
		Debug|Any CPU = Debug|Any CPU
		Release|Any CPU = Release|Any CPU
	EndGlobalSection
	GlobalSection(ProjectConfigurationPlatforms) = postSolution
		{36DD2176-868D-4FE3-8B55-9CCC955793D7}.Debug|Any CPU.ActiveCfg = Debug|Any CPU
		{36DD2176-868D-4FE3-8B55-9CCC955793D7}.Debug|Any CPU.Build.0 = Debug|Any CPU
		{36DD2176-868D-4FE3-8B55-9CCC955793D7}.Release|Any CPU.ActiveCfg = Release|Any CPU
		{36DD2176-868D-4FE3-8B55-9CCC955793D7}.Release|Any CPU.Build.0 = Release|Any CPU
	EndGlobalSection
	GlobalSection(SolutionProperties) = preSolution
		HideSolutionNode = FALSE
	EndGlobalSection
	GlobalSection(ExtensibilityGlobals) = postSolution
		SolutionGuid = {08F72AB3-E0A1-4DC7-ADCE-C417FF910BEA}
	EndGlobalSection
EndGlobal
