
Microsoft Visual Studio Solution File, Format Version 12.00
# Visual Studio Version 17
VisualStudioVersion = 17.5.33402.96
MinimumVisualStudioVersion = 10.0.40219.1
Project("{9A19103F-16F7-4668-BE54-9A1E7A4F7556}") = "02.VillainNames", "02.VillainNames\02.VillainNames.csproj", "{B8C9CA0E-7080-48D1-A995-82041F319320}"
EndProject
Project("{9A19103F-16F7-4668-BE54-9A1E7A4F7556}") = "03.Minion Names", "03.Minion Names\03.Minion Names.csproj", "{16C0A779-9359-4174-93DD-147864A7C17E}"
EndProject
Project("{9A19103F-16F7-4668-BE54-9A1E7A4F7556}") = "04.AddMinion", "04.AddMinion\04.AddMinion.csproj", "{01968496-2403-469D-894D-4F630CCD7B0F}"
EndProject
Project("{9A19103F-16F7-4668-BE54-9A1E7A4F7556}") = "05.ChangeTownNamesCasing", "05.ChangeTownNamesCasing\05.ChangeTownNamesCasing.csproj", "{B9F16E17-53A2-49CB-A6A8-2C20C6D38BA7}"
EndProject
Project("{9A19103F-16F7-4668-BE54-9A1E7A4F7556}") = "06.RemoveVillain", "06.RemoveVillain\06.RemoveVillain.csproj", "{CABD0501-69CC-41F4-9720-AD53B3B82B7E}"
EndProject
Project("{FAE04EC0-301F-11D3-BF4B-00C04F79EFBC}") = "07.PrintAllMinionNames", "07.PrintAllMinionNames\07.PrintAllMinionNames.csproj", "{5B5F4BB1-CA5C-4182-AFBB-FCF2AB432DB7}"
EndProject
Project("{FAE04EC0-301F-11D3-BF4B-00C04F79EFBC}") = "08.IncreaseMinionAge", "08.IncreaseMinionAge\08.IncreaseMinionAge.csproj", "{7DA188AD-3CB0-4893-802F-5969B263FAE7}"
EndProject
Global
	GlobalSection(SolutionConfigurationPlatforms) = preSolution
		Debug|Any CPU = Debug|Any CPU
		Release|Any CPU = Release|Any CPU
	EndGlobalSection
	GlobalSection(ProjectConfigurationPlatforms) = postSolution
		{B8C9CA0E-7080-48D1-A995-82041F319320}.Debug|Any CPU.ActiveCfg = Debug|Any CPU
		{B8C9CA0E-7080-48D1-A995-82041F319320}.Debug|Any CPU.Build.0 = Debug|Any CPU
		{B8C9CA0E-7080-48D1-A995-82041F319320}.Release|Any CPU.ActiveCfg = Release|Any CPU
		{B8C9CA0E-7080-48D1-A995-82041F319320}.Release|Any CPU.Build.0 = Release|Any CPU
		{16C0A779-9359-4174-93DD-147864A7C17E}.Debug|Any CPU.ActiveCfg = Debug|Any CPU
		{16C0A779-9359-4174-93DD-147864A7C17E}.Debug|Any CPU.Build.0 = Debug|Any CPU
		{16C0A779-9359-4174-93DD-147864A7C17E}.Release|Any CPU.ActiveCfg = Release|Any CPU
		{16C0A779-9359-4174-93DD-147864A7C17E}.Release|Any CPU.Build.0 = Release|Any CPU
		{01968496-2403-469D-894D-4F630CCD7B0F}.Debug|Any CPU.ActiveCfg = Debug|Any CPU
		{01968496-2403-469D-894D-4F630CCD7B0F}.Debug|Any CPU.Build.0 = Debug|Any CPU
		{01968496-2403-469D-894D-4F630CCD7B0F}.Release|Any CPU.ActiveCfg = Release|Any CPU
		{01968496-2403-469D-894D-4F630CCD7B0F}.Release|Any CPU.Build.0 = Release|Any CPU
		{B9F16E17-53A2-49CB-A6A8-2C20C6D38BA7}.Debug|Any CPU.ActiveCfg = Debug|Any CPU
		{B9F16E17-53A2-49CB-A6A8-2C20C6D38BA7}.Debug|Any CPU.Build.0 = Debug|Any CPU
		{B9F16E17-53A2-49CB-A6A8-2C20C6D38BA7}.Release|Any CPU.ActiveCfg = Release|Any CPU
		{B9F16E17-53A2-49CB-A6A8-2C20C6D38BA7}.Release|Any CPU.Build.0 = Release|Any CPU
		{CABD0501-69CC-41F4-9720-AD53B3B82B7E}.Debug|Any CPU.ActiveCfg = Debug|Any CPU
		{CABD0501-69CC-41F4-9720-AD53B3B82B7E}.Debug|Any CPU.Build.0 = Debug|Any CPU
		{CABD0501-69CC-41F4-9720-AD53B3B82B7E}.Release|Any CPU.ActiveCfg = Release|Any CPU
		{CABD0501-69CC-41F4-9720-AD53B3B82B7E}.Release|Any CPU.Build.0 = Release|Any CPU
		{5B5F4BB1-CA5C-4182-AFBB-FCF2AB432DB7}.Debug|Any CPU.ActiveCfg = Debug|Any CPU
		{5B5F4BB1-CA5C-4182-AFBB-FCF2AB432DB7}.Debug|Any CPU.Build.0 = Debug|Any CPU
		{5B5F4BB1-CA5C-4182-AFBB-FCF2AB432DB7}.Release|Any CPU.ActiveCfg = Release|Any CPU
		{5B5F4BB1-CA5C-4182-AFBB-FCF2AB432DB7}.Release|Any CPU.Build.0 = Release|Any CPU
		{7DA188AD-3CB0-4893-802F-5969B263FAE7}.Debug|Any CPU.ActiveCfg = Debug|Any CPU
		{7DA188AD-3CB0-4893-802F-5969B263FAE7}.Debug|Any CPU.Build.0 = Debug|Any CPU
		{7DA188AD-3CB0-4893-802F-5969B263FAE7}.Release|Any CPU.ActiveCfg = Release|Any CPU
		{7DA188AD-3CB0-4893-802F-5969B263FAE7}.Release|Any CPU.Build.0 = Release|Any CPU
	EndGlobalSection
	GlobalSection(SolutionProperties) = preSolution
		HideSolutionNode = FALSE
	EndGlobalSection
	GlobalSection(ExtensibilityGlobals) = postSolution
		SolutionGuid = {189E4F22-1E19-4EC5-81DD-4A04F33E5F6D}
	EndGlobalSection
EndGlobal
