
Microsoft Visual Studio Solution File, Format Version 12.00
# Visual Studio Version 17
VisualStudioVersion = 17.5.33402.96
MinimumVisualStudioVersion = 10.0.40219.1
Project("{FAE04EC0-301F-11D3-BF4B-00C04F79EFBC}") = "02.VillainNames", "02.VillainNames\02.VillainNames.csproj", "{B8C9CA0E-7080-48D1-A995-82041F319320}"
EndProject
Project("{FAE04EC0-301F-11D3-BF4B-00C04F79EFBC}") = "03.Minion Names", "03.Minion Names\03.Minion Names.csproj", "{16C0A779-9359-4174-93DD-147864A7C17E}"
EndProject
Global
	GlobalSection(SolutionConfigurationPlatforms) = preSolution
		Debug|Any CPU = Debug|Any CPU
		Release|Any CPU = Release|Any CPU
	EndGlobalSection
	GlobalSection(ProjectConfigurationPlatforms) = postSolution
		{B8C9CA0E-7080-48D1-A995-82041F319320}.Debug|Any CPU.ActiveCfg = Debug|Any CPU
		{B8C9CA0E-7080-48D1-A995-82041F319320}.Debug|Any CPU.Build.0 = Debug|Any CPU
		{B8C9CA0E-7080-48D1-A995-82041F319320}.Release|Any CPU.ActiveCfg = Release|Any CPU
		{B8C9CA0E-7080-48D1-A995-82041F319320}.Release|Any CPU.Build.0 = Release|Any CPU
		{16C0A779-9359-4174-93DD-147864A7C17E}.Debug|Any CPU.ActiveCfg = Debug|Any CPU
		{16C0A779-9359-4174-93DD-147864A7C17E}.Debug|Any CPU.Build.0 = Debug|Any CPU
		{16C0A779-9359-4174-93DD-147864A7C17E}.Release|Any CPU.ActiveCfg = Release|Any CPU
		{16C0A779-9359-4174-93DD-147864A7C17E}.Release|Any CPU.Build.0 = Release|Any CPU
	EndGlobalSection
	GlobalSection(SolutionProperties) = preSolution
		HideSolutionNode = FALSE
	EndGlobalSection
	GlobalSection(ExtensibilityGlobals) = postSolution
		SolutionGuid = {189E4F22-1E19-4EC5-81DD-4A04F33E5F6D}
	EndGlobalSection
EndGlobal
